
Microsoft Visual Studio Solution File, Format Version 12.00
# Visual Studio 15
VisualStudioVersion = 15.0.27703.2035
MinimumVisualStudioVersion = 10.0.40219.1
Project("{159641D6-6404-4A2A-AE62-294DE0FE8301}") = "PGDW Dev", "PearlDW Staging Load\PGDW Dev.dtproj", "{4D827452-C7A9-4CFB-8F42-53815EB5B074}"
EndProject
Global
	GlobalSection(SolutionConfigurationPlatforms) = preSolution
		Development|Default = Development|Default
	EndGlobalSection
	GlobalSection(ProjectConfigurationPlatforms) = postSolution
		{4D827452-C7A9-4CFB-8F42-53815EB5B074}.Development|Default.ActiveCfg = Development
		{4D827452-C7A9-4CFB-8F42-53815EB5B074}.Development|Default.Build.0 = Development
	EndGlobalSection
	GlobalSection(SolutionProperties) = preSolution
		HideSolutionNode = FALSE
	EndGlobalSection
	GlobalSection(ExtensibilityGlobals) = postSolution
		SolutionGuid = {AFAD476C-81D5-41A7-94CB-CDA4846DC77A}
	EndGlobalSection
EndGlobal
